
Microsoft Visual Studio Solution File, Format Version 12.00
# Visual Studio Version 16
VisualStudioVersion = 16.0.30711.63
MinimumVisualStudioVersion = 10.0.40219.1
Project("{FAE04EC0-301F-11D3-BF4B-00C04F79EFBC}") = "HelloCSharpWin", "HelloCSharpWin.csproj", "{13021F32-1E56-44D2-81B6-C4DAEDE52BAB}"
EndProject
Global
	GlobalSection(SolutionConfigurationPlatforms) = preSolution
		Debug|Any CPU = Debug|Any CPU
		Release|Any CPU = Release|Any CPU
	EndGlobalSection
	GlobalSection(ProjectConfigurationPlatforms) = postSolution
		{13021F32-1E56-44D2-81B6-C4DAEDE52BAB}.Debug|Any CPU.ActiveCfg = Debug|Any CPU
		{13021F32-1E56-44D2-81B6-C4DAEDE52BAB}.Debug|Any CPU.Build.0 = Debug|Any CPU
		{13021F32-1E56-44D2-81B6-C4DAEDE52BAB}.Release|Any CPU.ActiveCfg = Release|Any CPU
		{13021F32-1E56-44D2-81B6-C4DAEDE52BAB}.Release|Any CPU.Build.0 = Release|Any CPU
	EndGlobalSection
	GlobalSection(SolutionProperties) = preSolution
		HideSolutionNode = FALSE
	EndGlobalSection
	GlobalSection(ExtensibilityGlobals) = postSolution
		SolutionGuid = {23D77B98-DFBD-42D1-B9B3-252EAE725BDA}
	EndGlobalSection
EndGlobal
