
Microsoft Visual Studio Solution File, Format Version 12.00
# Visual Studio Version 16
VisualStudioVersion = 16.0.30711.63
MinimumVisualStudioVersion = 10.0.40219.1
Project("{FAE04EC0-301F-11D3-BF4B-00C04F79EFBC}") = "AnimalShelter", "AnimalShelter.csproj", "{7B2F7CD5-7CFD-4B6C-842C-D8F373E9463C}"
EndProject
Global
	GlobalSection(SolutionConfigurationPlatforms) = preSolution
		Debug|Any CPU = Debug|Any CPU
		Release|Any CPU = Release|Any CPU
	EndGlobalSection
	GlobalSection(ProjectConfigurationPlatforms) = postSolution
		{7B2F7CD5-7CFD-4B6C-842C-D8F373E9463C}.Debug|Any CPU.ActiveCfg = Debug|Any CPU
		{7B2F7CD5-7CFD-4B6C-842C-D8F373E9463C}.Debug|Any CPU.Build.0 = Debug|Any CPU
		{7B2F7CD5-7CFD-4B6C-842C-D8F373E9463C}.Release|Any CPU.ActiveCfg = Release|Any CPU
		{7B2F7CD5-7CFD-4B6C-842C-D8F373E9463C}.Release|Any CPU.Build.0 = Release|Any CPU
	EndGlobalSection
	GlobalSection(SolutionProperties) = preSolution
		HideSolutionNode = FALSE
	EndGlobalSection
	GlobalSection(ExtensibilityGlobals) = postSolution
		SolutionGuid = {75E8711B-E972-476E-B1B0-362B61FFD816}
	EndGlobalSection
EndGlobal
